
Microsoft Visual Studio Solution File, Format Version 12.00
# Visual Studio Version 17
VisualStudioVersion = 17.5.002.0
MinimumVisualStudioVersion = 10.0.40219.1
Project("{9A19103F-16F7-4668-BE54-9A1E7A4F7556}") = "admiralps", "admiralps.csproj", "{6097DECB-D2FD-45EA-AD1E-C89F0FBBF343}"
EndProject

Global
	GlobalSection(SolutionConfigurationPlatforms) = preSolution
		Debug|Any CPU = Debug|Any CPU
		Release|Any CPU = Release|Any CPU
	EndGlobalSection
	GlobalSection(ProjectConfigurationPlatforms) = postSolution
		{6097DECB-D2FD-45EA-AD1E-C89F0FBBF343}.Debug|Any CPU.ActiveCfg = Debug|Any CPU
		{6097DECB-D2FD-45EA-AD1E-C89F0FBBF343}.Debug|Any CPU.Build.0 = Debug|Any CPU
		{6097DECB-D2FD-45EA-AD1E-C89F0FBBF343}.Release|Any CPU.ActiveCfg = Release|Any CPU
		{6097DECB-D2FD-45EA-AD1E-C89F0FBBF343}.Release|Any CPU.Build.0 = Release|Any CPU
		{3F2F33DF-296A-44DC-AFA8-C9ECFD47FE23}.Debug|Any CPU.ActiveCfg = Debug|Any CPU
		{3F2F33DF-296A-44DC-AFA8-C9ECFD47FE23}.Debug|Any CPU.Build.0 = Debug|Any CPU
		{3F2F33DF-296A-44DC-AFA8-C9ECFD47FE23}.Release|Any CPU.ActiveCfg = Release|Any CPU
		{3F2F33DF-296A-44DC-AFA8-C9ECFD47FE23}.Release|Any CPU.Build.0 = Release|Any CPU
	EndGlobalSection
	GlobalSection(SolutionProperties) = preSolution
		HideSolutionNode = FALSE
	EndGlobalSection
	GlobalSection(ExtensibilityGlobals) = postSolution
		SolutionGuid = {8253E7E1-5E01-4F24-A676-95D3A9DA41E7}
	EndGlobalSection
EndGlobal
